
Microsoft Visual Studio Solution File, Format Version 12.00
# Visual Studio Version 16
VisualStudioVersion = 16.0.33027.164
MinimumVisualStudioVersion = 10.0.40219.1
Project("{FAE04EC0-301F-11D3-BF4B-00C04F79EFBC}") = "SatvikDevOps", "SatvikDevOps.csproj", "{075D40EE-C60B-46E0-B244-F7E007DDA09C}"
EndProject
Project("{FAE04EC0-301F-11D3-BF4B-00C04F79EFBC}") = "SatvikTestProject1", "..\SatvikTestProject1\SatvikTestProject1.csproj", "{FA4620D7-E133-4C1C-86B8-09557C0BC8C1}"
EndProject
Global
	GlobalSection(SolutionConfigurationPlatforms) = preSolution
		Debug|Any CPU = Debug|Any CPU
		Release|Any CPU = Release|Any CPU
	EndGlobalSection
	GlobalSection(ProjectConfigurationPlatforms) = postSolution
		{075D40EE-C60B-46E0-B244-F7E007DDA09C}.Debug|Any CPU.ActiveCfg = Debug|Any CPU
		{075D40EE-C60B-46E0-B244-F7E007DDA09C}.Debug|Any CPU.Build.0 = Debug|Any CPU
		{075D40EE-C60B-46E0-B244-F7E007DDA09C}.Release|Any CPU.ActiveCfg = Release|Any CPU
		{075D40EE-C60B-46E0-B244-F7E007DDA09C}.Release|Any CPU.Build.0 = Release|Any CPU
		{FA4620D7-E133-4C1C-86B8-09557C0BC8C1}.Debug|Any CPU.ActiveCfg = Debug|Any CPU
		{FA4620D7-E133-4C1C-86B8-09557C0BC8C1}.Debug|Any CPU.Build.0 = Debug|Any CPU
		{FA4620D7-E133-4C1C-86B8-09557C0BC8C1}.Release|Any CPU.ActiveCfg = Release|Any CPU
		{FA4620D7-E133-4C1C-86B8-09557C0BC8C1}.Release|Any CPU.Build.0 = Release|Any CPU
	EndGlobalSection
	GlobalSection(SolutionProperties) = preSolution
		HideSolutionNode = FALSE
	EndGlobalSection
	GlobalSection(ExtensibilityGlobals) = postSolution
		SolutionGuid = {38F9D7C5-F57C-4ABD-904E-17F6B42570D4}
	EndGlobalSection
EndGlobal
